<Solution>
  <Folder Name="/Solution Items/">
    <File Path=".gitignore" />
  </Folder>
  <Project Path="BattleGame.Client/BattleGame.Client.csproj" Id="084144e1-58d3-444c-a4d4-14326784c246" />
  <Project Path="BattleGame.Server/BattleGame.Server.csproj" />
  <Project Path="BattleGame.Shared/BattleGame.Shared.csproj" />
  <Project Path="BattleGame.Test/BattleGame.Test.csproj" Id="5a433064-bf08-4d31-bd37-ad2de4c8de8e" />
</Solution>
